// !$*UTF8*$!
{
	archiveVersion = 1;
	classes = {
	};
	objectVersion = 55;
	objects = {

/* Begin PBXBuildFile section */
		A569543B27A675D200618DE8 /* AppDelegate.swift in Sources */ = {isa = PBXBuildFile; fileRef = A569543A27A675D200618DE8 /* AppDelegate.swift */; };
		A569543D27A675D200618DE8 /* SceneDelegate.swift in Sources */ = {isa = PBXBuildFile; fileRef = A569543C27A675D200618DE8 /* SceneDelegate.swift */; };
		A569543F27A675D200618DE8 /* ViewController.swift in Sources */ = {isa = PBXBuildFile; fileRef = A569543E27A675D200618DE8 /* ViewController.swift */; };
		A569544227A675D200618DE8 /* Main.storyboard in Resources */ = {isa = PBXBuildFile; fileRef = A569544027A675D200618DE8 /* Main.storyboard */; };
		A569544427A675D400618DE8 /* Assets.xcassets in Resources */ = {isa = PBXBuildFile; fileRef = A569544327A675D400618DE8 /* Assets.xcassets */; };
		A569544727A675D400618DE8 /* LaunchScreen.storyboard in Resources */ = {isa = PBXBuildFile; fileRef = A569544527A675D400618DE8 /* LaunchScreen.storyboard */; };
		A569545027A6761500618DE8 /* NoticeViewController.swift in Sources */ = {isa = PBXBuildFile; fileRef = A569544E27A6761500618DE8 /* NoticeViewController.swift */; };
		A569545127A6761500618DE8 /* NoticeViewController.xib in Resources */ = {isa = PBXBuildFile; fileRef = A569544F27A6761500618DE8 /* NoticeViewController.xib */; };
		A569545327A67AA200618DE8 /* GoogleService-Info.plist in Resources */ = {isa = PBXBuildFile; fileRef = A569545227A67AA200618DE8 /* GoogleService-Info.plist */; };
		A569545527A67C1C00618DE8 /* RemoteConfigDefaults.plist in Resources */ = {isa = PBXBuildFile; fileRef = A569545427A67C1C00618DE8 /* RemoteConfigDefaults.plist */; };
		E1DD764E786C3C6570529CC6 /* Pods_12_Notice.framework in Frameworks */ = {isa = PBXBuildFile; fileRef = 3C33DEBCFCEBA0C87E4FD146 /* Pods_12_Notice.framework */; };
/* End PBXBuildFile section */

/* Begin PBXFileReference section */
		0E7478852DAA9175425A6390 /* Pods-12-Notice.release.xcconfig */ = {isa = PBXFileReference; includeInIndex = 1; lastKnownFileType = text.xcconfig; name = "Pods-12-Notice.release.xcconfig"; path = "Target Support Files/Pods-12-Notice/Pods-12-Notice.release.xcconfig"; sourceTree = "<group>"; };
		3C33DEBCFCEBA0C87E4FD146 /* Pods_12_Notice.framework */ = {isa = PBXFileReference; explicitFileType = wrapper.framework; includeInIndex = 0; path = Pods_12_Notice.framework; sourceTree = BUILT_PRODUCTS_DIR; };
		A569543727A675D200618DE8 /* 12-Notice.app */ = {isa = PBXFileReference; explicitFileType = wrapper.application; includeInIndex = 0; path = "12-Notice.app"; sourceTree = BUILT_PRODUCTS_DIR; };
		A569543A27A675D200618DE8 /* AppDelegate.swift */ = {isa = PBXFileReference; lastKnownFileType = sourcecode.swift; path = AppDelegate.swift; sourceTree = "<group>"; };
		A569543C27A675D200618DE8 /* SceneDelegate.swift */ = {isa = PBXFileReference; lastKnownFileType = sourcecode.swift; path = SceneDelegate.swift; sourceTree = "<group>"; };
		A569543E27A675D200618DE8 /* ViewController.swift */ = {isa = PBXFileReference; lastKnownFileType = sourcecode.swift; path = ViewController.swift; sourceTree = "<group>"; };
		A569544127A675D200618DE8 /* Base */ = {isa = PBXFileReference; lastKnownFileType = file.storyboard; name = Base; path = Base.lproj/Main.storyboard; sourceTree = "<group>"; };
		A569544327A675D400618DE8 /* Assets.xcassets */ = {isa = PBXFileReference; lastKnownFileType = folder.assetcatalog; path = Assets.xcassets; sourceTree = "<group>"; };
		A569544627A675D400618DE8 /* Base */ = {isa = PBXFileReference; lastKnownFileType = file.storyboard; name = Base; path = Base.lproj/LaunchScreen.storyboard; sourceTree = "<group>"; };
		A569544827A675D400618DE8 /* Info.plist */ = {isa = PBXFileReference; lastKnownFileType = text.plist.xml; path = Info.plist; sourceTree = "<group>"; };
		A569544E27A6761500618DE8 /* NoticeViewController.swift */ = {isa = PBXFileReference; lastKnownFileType = sourcecode.swift; path = NoticeViewController.swift; sourceTree = "<group>"; };
		A569544F27A6761500618DE8 /* NoticeViewController.xib */ = {isa = PBXFileReference; lastKnownFileType = file.xib; path = NoticeViewController.xib; sourceTree = "<group>"; };
		A569545227A67AA200618DE8 /* GoogleService-Info.plist */ = {isa = PBXFileReference; fileEncoding = 4; lastKnownFileType = text.plist.xml; path = "GoogleService-Info.plist"; sourceTree = "<group>"; };
		A569545427A67C1C00618DE8 /* RemoteConfigDefaults.plist */ = {isa = PBXFileReference; lastKnownFileType = text.plist.xml; path = RemoteConfigDefaults.plist; sourceTree = "<group>"; };
		E3A5251063AD1666D844DF5A /* Pods-12-Notice.debug.xcconfig */ = {isa = PBXFileReference; includeInIndex = 1; lastKnownFileType = text.xcconfig; name = "Pods-12-Notice.debug.xcconfig"; path = "Target Support Files/Pods-12-Notice/Pods-12-Notice.debug.xcconfig"; sourceTree = "<group>"; };
/* End PBXFileReference section */

/* Begin PBXFrameworksBuildPhase section */
		A569543427A675D200618DE8 /* Frameworks */ = {
			isa = PBXFrameworksBuildPhase;
			buildActionMask = 2147483647;
			files = (
				E1DD764E786C3C6570529CC6 /* Pods_12_Notice.framework in Frameworks */,
			);
			runOnlyForDeploymentPostprocessing = 0;
		};
/* End PBXFrameworksBuildPhase section */

/* Begin PBXGroup section */
		7D777B93C31370B41F54CAB3 /* Frameworks */ = {
			isa = PBXGroup;
			children = (
				3C33DEBCFCEBA0C87E4FD146 /* Pods_12_Notice.framework */,
			);
			name = Frameworks;
			sourceTree = "<group>";
		};
		8FAB3CC512CDB01B5F50F499 /* Pods */ = {
			isa = PBXGroup;
			children = (
				E3A5251063AD1666D844DF5A /* Pods-12-Notice.debug.xcconfig */,
				0E7478852DAA9175425A6390 /* Pods-12-Notice.release.xcconfig */,
			);
			path = Pods;
			sourceTree = "<group>";
		};
		A569542E27A675D200618DE8 = {
			isa = PBXGroup;
			children = (
				A569543927A675D200618DE8 /* 12-Notice */,
				A569543827A675D200618DE8 /* Products */,
				8FAB3CC512CDB01B5F50F499 /* Pods */,
				7D777B93C31370B41F54CAB3 /* Frameworks */,
			);
			sourceTree = "<group>";
		};
		A569543827A675D200618DE8 /* Products */ = {
			isa = PBXGroup;
			children = (
				A569543727A675D200618DE8 /* 12-Notice.app */,
			);
			name = Products;
			sourceTree = "<group>";
		};
		A569543927A675D200618DE8 /* 12-Notice */ = {
			isa = PBXGroup;
			children = (
				A569543A27A675D200618DE8 /* AppDelegate.swift */,
				A569543C27A675D200618DE8 /* SceneDelegate.swift */,
				A569543E27A675D200618DE8 /* ViewController.swift */,
				A569545427A67C1C00618DE8 /* RemoteConfigDefaults.plist */,
				A569544E27A6761500618DE8 /* NoticeViewController.swift */,
				A569544F27A6761500618DE8 /* NoticeViewController.xib */,
				A569544027A675D200618DE8 /* Main.storyboard */,
				A569544327A675D400618DE8 /* Assets.xcassets */,
				A569544527A675D400618DE8 /* LaunchScreen.storyboard */,
				A569544827A675D400618DE8 /* Info.plist */,
				A569545227A67AA200618DE8 /* GoogleService-Info.plist */,
			);
			path = "12-Notice";
			sourceTree = "<group>";
		};
/* End PBXGroup section */

/* Begin PBXNativeTarget section */
		A569543627A675D200618DE8 /* 12-Notice */ = {
			isa = PBXNativeTarget;
			buildConfigurationList = A569544B27A675D400618DE8 /* Build configuration list for PBXNativeTarget "12-Notice" */;
			buildPhases = (
				C2832145E737F8183A421974 /* [CP] Check Pods Manifest.lock */,
				A569543327A675D200618DE8 /* Sources */,
				A569543427A675D200618DE8 /* Frameworks */,
				A569543527A675D200618DE8 /* Resources */,
				78AF33B2AB4DA2319DE85199 /* [CP] Embed Pods Frameworks */,
			);
			buildRules = (
			);
			dependencies = (
			);
			name = "12-Notice";
			productName = "12-Notice";
			productReference = A569543727A675D200618DE8 /* 12-Notice.app */;
			productType = "com.apple.product-type.application";
		};
/* End PBXNativeTarget section */

/* Begin PBXProject section */
		A569542F27A675D200618DE8 /* Project object */ = {
			isa = PBXProject;
			attributes = {
				BuildIndependentTargetsInParallel = 1;
				LastSwiftUpdateCheck = 1320;
				LastUpgradeCheck = 1320;
				TargetAttributes = {
					A569543627A675D200618DE8 = {
						CreatedOnToolsVersion = 13.2.1;
					};
				};
			};
			buildConfigurationList = A569543227A675D200618DE8 /* Build configuration list for PBXProject "12-Notice" */;
			compatibilityVersion = "Xcode 13.0";
			developmentRegion = en;
			hasScannedForEncodings = 0;
			knownRegions = (
				en,
				Base,
			);
			mainGroup = A569542E27A675D200618DE8;
			productRefGroup = A569543827A675D200618DE8 /* Products */;
			projectDirPath = "";
			projectRoot = "";
			targets = (
				A569543627A675D200618DE8 /* 12-Notice */,
			);
		};
/* End PBXProject section */

/* Begin PBXResourcesBuildPhase section */
		A569543527A675D200618DE8 /* Resources */ = {
			isa = PBXResourcesBuildPhase;
			buildActionMask = 2147483647;
			files = (
				A569545527A67C1C00618DE8 /* RemoteConfigDefaults.plist in Resources */,
				A569544727A675D400618DE8 /* LaunchScreen.storyboard in Resources */,
				A569544427A675D400618DE8 /* Assets.xcassets in Resources */,
				A569545327A67AA200618DE8 /* GoogleService-Info.plist in Resources */,
				A569545127A6761500618DE8 /* NoticeViewController.xib in Resources */,
				A569544227A675D200618DE8 /* Main.storyboard in Resources */,
			);
			runOnlyForDeploymentPostprocessing = 0;
		};
/* End PBXResourcesBuildPhase section */

/* Begin PBXShellScriptBuildPhase section */
		78AF33B2AB4DA2319DE85199 /* [CP] Embed Pods Frameworks */ = {
			isa = PBXShellScriptBuildPhase;
			buildActionMask = 2147483647;
			files = (
			);
			inputFileListPaths = (
				"${PODS_ROOT}/Target Support Files/Pods-12-Notice/Pods-12-Notice-frameworks-${CONFIGURATION}-input-files.xcfilelist",
			);
			name = "[CP] Embed Pods Frameworks";
			outputFileListPaths = (
				"${PODS_ROOT}/Target Support Files/Pods-12-Notice/Pods-12-Notice-frameworks-${CONFIGURATION}-output-files.xcfilelist",
			);
			runOnlyForDeploymentPostprocessing = 0;
			shellPath = /bin/sh;
			shellScript = "\"${PODS_ROOT}/Target Support Files/Pods-12-Notice/Pods-12-Notice-frameworks.sh\"\n";
			showEnvVarsInLog = 0;
		};
		C2832145E737F8183A421974 /* [CP] Check Pods Manifest.lock */ = {
			isa = PBXShellScriptBuildPhase;
			buildActionMask = 2147483647;
			files = (
			);
			inputFileListPaths = (
			);
			inputPaths = (
				"${PODS_PODFILE_DIR_PATH}/Podfile.lock",
				"${PODS_ROOT}/Manifest.lock",
			);
			name = "[CP] Check Pods Manifest.lock";
			outputFileListPaths = (
			);
			outputPaths = (
				"$(DERIVED_FILE_DIR)/Pods-12-Notice-checkManifestLockResult.txt",
			);
			runOnlyForDeploymentPostprocessing = 0;
			shellPath = /bin/sh;
			shellScript = "diff \"${PODS_PODFILE_DIR_PATH}/Podfile.lock\" \"${PODS_ROOT}/Manifest.lock\" > /dev/null\nif [ $? != 0 ] ; then\n    # print error to STDERR\n    echo \"error: The sandbox is not in sync with the Podfile.lock. Run 'pod install' or update your CocoaPods installation.\" >&2\n    exit 1\nfi\n# This output is used by Xcode 'outputs' to avoid re-running this script phase.\necho \"SUCCESS\" > \"${SCRIPT_OUTPUT_FILE_0}\"\n";
			showEnvVarsInLog = 0;
		};
/* End PBXShellScriptBuildPhase section */

/* Begin PBXSourcesBuildPhase section */
		A569543327A675D200618DE8 /* Sources */ = {
			isa = PBXSourcesBuildPhase;
			buildActionMask = 2147483647;
			files = (
				A569543F27A675D200618DE8 /* ViewController.swift in Sources */,
				A569543B27A675D200618DE8 /* AppDelegate.swift in Sources */,
				A569545027A6761500618DE8 /* NoticeViewController.swift in Sources */,
				A569543D27A675D200618DE8 /* SceneDelegate.swift in Sources */,
			);
			runOnlyForDeploymentPostprocessing = 0;
		};
/* End PBXSourcesBuildPhase section */

/* Begin PBXVariantGroup section */
		A569544027A675D200618DE8 /* Main.storyboard */ = {
			isa = PBXVariantGroup;
			children = (
				A569544127A675D200618DE8 /* Base */,
			);
			name = Main.storyboard;
			sourceTree = "<group>";
		};
		A569544527A675D400618DE8 /* LaunchScreen.storyboard */ = {
			isa = PBXVariantGroup;
			children = (
				A569544627A675D400618DE8 /* Base */,
			);
			name = LaunchScreen.storyboard;
			sourceTree = "<group>";
		};
/* End PBXVariantGroup section */

/* Begin XCBuildConfiguration section */
		A569544927A675D400618DE8 /* Debug */ = {
			isa = XCBuildConfiguration;
			buildSettings = {
				ALWAYS_SEARCH_USER_PATHS = NO;
				CLANG_ANALYZER_NONNULL = YES;
				CLANG_ANALYZER_NUMBER_OBJECT_CONVERSION = YES_AGGRESSIVE;
				CLANG_CXX_LANGUAGE_STANDARD = "gnu++17";
				CLANG_CXX_LIBRARY = "libc++";
				CLANG_ENABLE_MODULES = YES;
				CLANG_ENABLE_OBJC_ARC = YES;
				CLANG_ENABLE_OBJC_WEAK = YES;
				CLANG_WARN_BLOCK_CAPTURE_AUTORELEASING = YES;
				CLANG_WARN_BOOL_CONVERSION = YES;
				CLANG_WARN_COMMA = YES;
				CLANG_WARN_CONSTANT_CONVERSION = YES;
				CLANG_WARN_DEPRECATED_OBJC_IMPLEMENTATIONS = YES;
				CLANG_WARN_DIRECT_OBJC_ISA_USAGE = YES_ERROR;
				CLANG_WARN_DOCUMENTATION_COMMENTS = YES;
				CLANG_WARN_EMPTY_BODY = YES;
				CLANG_WARN_ENUM_CONVERSION = YES;
				CLANG_WARN_INFINITE_RECURSION = YES;
				CLANG_WARN_INT_CONVERSION = YES;
				CLANG_WARN_NON_LITERAL_NULL_CONVERSION = YES;
				CLANG_WARN_OBJC_IMPLICIT_RETAIN_SELF = YES;
				CLANG_WARN_OBJC_LITERAL_CONVERSION = YES;
				CLANG_WARN_OBJC_ROOT_CLASS = YES_ERROR;
				CLANG_WARN_QUOTED_INCLUDE_IN_FRAMEWORK_HEADER = YES;
				CLANG_WARN_RANGE_LOOP_ANALYSIS = YES;
				CLANG_WARN_STRICT_PROTOTYPES = YES;
				CLANG_WARN_SUSPICIOUS_MOVE = YES;
				CLANG_WARN_UNGUARDED_AVAILABILITY = YES_AGGRESSIVE;
				CLANG_WARN_UNREACHABLE_CODE = YES;
				CLANG_WARN__DUPLICATE_METHOD_MATCH = YES;
				COPY_PHASE_STRIP = NO;
				DEBUG_INFORMATION_FORMAT = dwarf;
				ENABLE_STRICT_OBJC_MSGSEND = YES;
				ENABLE_TESTABILITY = YES;
				GCC_C_LANGUAGE_STANDARD = gnu11;
				GCC_DYNAMIC_NO_PIC = NO;
				GCC_NO_COMMON_BLOCKS = YES;
				GCC_OPTIMIZATION_LEVEL = 0;
				GCC_PREPROCESSOR_DEFINITIONS = (
					"DEBUG=1",
					"$(inherited)",
				);
				GCC_WARN_64_TO_32_BIT_CONVERSION = YES;
				GCC_WARN_ABOUT_RETURN_TYPE = YES_ERROR;
				GCC_WARN_UNDECLARED_SELECTOR = YES;
				GCC_WARN_UNINITIALIZED_AUTOS = YES_AGGRESSIVE;
				GCC_WARN_UNUSED_FUNCTION = YES;
				GCC_WARN_UNUSED_VARIABLE = YES;
				IPHONEOS_DEPLOYMENT_TARGET = 15.2;
				MTL_ENABLE_DEBUG_INFO = INCLUDE_SOURCE;
				MTL_FAST_MATH = YES;
				ONLY_ACTIVE_ARCH = YES;
				SDKROOT = iphoneos;
				SWIFT_ACTIVE_COMPILATION_CONDITIONS = DEBUG;
				SWIFT_OPTIMIZATION_LEVEL = "-Onone";
			};
			name = Debug;
		};
		A569544A27A675D400618DE8 /* Release */ = {
			isa = XCBuildConfiguration;
			buildSettings = {
				ALWAYS_SEARCH_USER_PATHS = NO;
				CLANG_ANALYZER_NONNULL = YES;
				CLANG_ANALYZER_NUMBER_OBJECT_CONVERSION = YES_AGGRESSIVE;
				CLANG_CXX_LANGUAGE_STANDARD = "gnu++17";
				CLANG_CXX_LIBRARY = "libc++";
				CLANG_ENABLE_MODULES = YES;
				CLANG_ENABLE_OBJC_ARC = YES;
				CLANG_ENABLE_OBJC_WEAK = YES;
				CLANG_WARN_BLOCK_CAPTURE_AUTORELEASING = YES;
				CLANG_WARN_BOOL_CONVERSION = YES;
				CLANG_WARN_COMMA = YES;
				CLANG_WARN_CONSTANT_CONVERSION = YES;
				CLANG_WARN_DEPRECATED_OBJC_IMPLEMENTATIONS = YES;
				CLANG_WARN_DIRECT_OBJC_ISA_USAGE = YES_ERROR;
				CLANG_WARN_DOCUMENTATION_COMMENTS = YES;
				CLANG_WARN_EMPTY_BODY = YES;
				CLANG_WARN_ENUM_CONVERSION = YES;
				CLANG_WARN_INFINITE_RECURSION = YES;
				CLANG_WARN_INT_CONVERSION = YES;
				CLANG_WARN_NON_LITERAL_NULL_CONVERSION = YES;
				CLANG_WARN_OBJC_IMPLICIT_RETAIN_SELF = YES;
				CLANG_WARN_OBJC_LITERAL_CONVERSION = YES;
				CLANG_WARN_OBJC_ROOT_CLASS = YES_ERROR;
				CLANG_WARN_QUOTED_INCLUDE_IN_FRAMEWORK_HEADER = YES;
				CLANG_WARN_RANGE_LOOP_ANALYSIS = YES;
				CLANG_WARN_STRICT_PROTOTYPES = YES;
				CLANG_WARN_SUSPICIOUS_MOVE = YES;
				CLANG_WARN_UNGUARDED_AVAILABILITY = YES_AGGRESSIVE;
				CLANG_WARN_UNREACHABLE_CODE = YES;
				CLANG_WARN__DUPLICATE_METHOD_MATCH = YES;
				COPY_PHASE_STRIP = NO;
				DEBUG_INFORMATION_FORMAT = "dwarf-with-dsym";
				ENABLE_NS_ASSERTIONS = NO;
				ENABLE_STRICT_OBJC_MSGSEND = YES;
				GCC_C_LANGUAGE_STANDARD = gnu11;
				GCC_NO_COMMON_BLOCKS = YES;
				GCC_WARN_64_TO_32_BIT_CONVERSION = YES;
				GCC_WARN_ABOUT_RETURN_TYPE = YES_ERROR;
				GCC_WARN_UNDECLARED_SELECTOR = YES;
				GCC_WARN_UNINITIALIZED_AUTOS = YES_AGGRESSIVE;
				GCC_WARN_UNUSED_FUNCTION = YES;
				GCC_WARN_UNUSED_VARIABLE = YES;
				IPHONEOS_DEPLOYMENT_TARGET = 15.2;
				MTL_ENABLE_DEBUG_INFO = NO;
				MTL_FAST_MATH = YES;
				SDKROOT = iphoneos;
				SWIFT_COMPILATION_MODE = wholemodule;
				SWIFT_OPTIMIZATION_LEVEL = "-O";
				VALIDATE_PRODUCT = YES;
			};
			name = Release;
		};
		A569544C27A675D400618DE8 /* Debug */ = {
			isa = XCBuildConfiguration;
			baseConfigurationReference = E3A5251063AD1666D844DF5A /* Pods-12-Notice.debug.xcconfig */;
			buildSettings = {
				ASSETCATALOG_COMPILER_APPICON_NAME = AppIcon;
				ASSETCATALOG_COMPILER_GLOBAL_ACCENT_COLOR_NAME = AccentColor;
				CODE_SIGN_STYLE = Automatic;
				CURRENT_PROJECT_VERSION = 1;
				DEVELOPMENT_TEAM = D6RBSQ9WD6;
				GENERATE_INFOPLIST_FILE = YES;
				INFOPLIST_FILE = "12-Notice/Info.plist";
				INFOPLIST_KEY_UIApplicationSupportsIndirectInputEvents = YES;
				INFOPLIST_KEY_UILaunchStoryboardName = LaunchScreen;
				INFOPLIST_KEY_UIMainStoryboardFile = Main;
				INFOPLIST_KEY_UISupportedInterfaceOrientations = UIInterfaceOrientationPortrait;
				INFOPLIST_KEY_UISupportedInterfaceOrientations_iPad = "UIInterfaceOrientationPortrait UIInterfaceOrientationPortraitUpsideDown UIInterfaceOrientationLandscapeLeft UIInterfaceOrientationLandscapeRight";
				INFOPLIST_KEY_UISupportedInterfaceOrientations_iPhone = "UIInterfaceOrientationPortrait UIInterfaceOrientationLandscapeLeft UIInterfaceOrientationLandscapeRight";
				LD_RUNPATH_SEARCH_PATHS = (
					"$(inherited)",
					"@executable_path/Frameworks",
				);
				MARKETING_VERSION = 1.0;
				PRODUCT_BUNDLE_IDENTIFIER = "hyeon.-2-Notice";
				PRODUCT_NAME = "$(TARGET_NAME)";
				SWIFT_EMIT_LOC_STRINGS = YES;
				SWIFT_VERSION = 5.0;
				TARGETED_DEVICE_FAMILY = 1;
			};
			name = Debug;
		};
		A569544D27A675D400618DE8 /* Release */ = {
			isa = XCBuildConfiguration;
			baseConfigurationReference = 0E7478852DAA9175425A6390 /* Pods-12-Notice.release.xcconfig */;
			buildSettings = {
				ASSETCATALOG_COMPILER_APPICON_NAME = AppIcon;
				ASSETCATALOG_COMPILER_GLOBAL_ACCENT_COLOR_NAME = AccentColor;
				CODE_SIGN_STYLE = Automatic;
				CURRENT_PROJECT_VERSION = 1;
				DEVELOPMENT_TEAM = D6RBSQ9WD6;
				GENERATE_INFOPLIST_FILE = YES;
				INFOPLIST_FILE = "12-Notice/Info.plist";
				INFOPLIST_KEY_UIApplicationSupportsIndirectInputEvents = YES;
				INFOPLIST_KEY_UILaunchStoryboardName = LaunchScreen;
				INFOPLIST_KEY_UIMainStoryboardFile = Main;
				INFOPLIST_KEY_UISupportedInterfaceOrientations = UIInterfaceOrientationPortrait;
				INFOPLIST_KEY_UISupportedInterfaceOrientations_iPad = "UIInterfaceOrientationPortrait UIInterfaceOrientationPortraitUpsideDown UIInterfaceOrientationLandscapeLeft UIInterfaceOrientationLandscapeRight";
				INFOPLIST_KEY_UISupportedInterfaceOrientations_iPhone = "UIInterfaceOrientationPortrait UIInterfaceOrientationLandscapeLeft UIInterfaceOrientationLandscapeRight";
				LD_RUNPATH_SEARCH_PATHS = (
					"$(inherited)",
					"@executable_path/Frameworks",
				);
				MARKETING_VERSION = 1.0;
				PRODUCT_BUNDLE_IDENTIFIER = "hyeon.-2-Notice";
				PRODUCT_NAME = "$(TARGET_NAME)";
				SWIFT_EMIT_LOC_STRINGS = YES;
				SWIFT_VERSION = 5.0;
				TARGETED_DEVICE_FAMILY = 1;
			};
			name = Release;
		};
/* End XCBuildConfiguration section */

/* Begin XCConfigurationList section */
		A569543227A675D200618DE8 /* Build configuration list for PBXProject "12-Notice" */ = {
			isa = XCConfigurationList;
			buildConfigurations = (
				A569544927A675D400618DE8 /* Debug */,
				A569544A27A675D400618DE8 /* Release */,
			);
			defaultConfigurationIsVisible = 0;
			defaultConfigurationName = Release;
		};
		A569544B27A675D400618DE8 /* Build configuration list for PBXNativeTarget "12-Notice" */ = {
			isa = XCConfigurationList;
			buildConfigurations = (
				A569544C27A675D400618DE8 /* Debug */,
				A569544D27A675D400618DE8 /* Release */,
			);
			defaultConfigurationIsVisible = 0;
			defaultConfigurationName = Release;
		};
/* End XCConfigurationList section */
	};
	rootObject = A569542F27A675D200618DE8 /* Project object */;
}
